
Microsoft Visual Studio Solution File, Format Version 12.00
# Visual Studio 15
VisualStudioVersion = 15.0.26730.16
MinimumVisualStudioVersion = 10.0.40219.1
Project("{FAE04EC0-301F-11D3-BF4B-00C04F79EFBC}") = "BLL", "BLL\BLL.csproj", "{0A9DD6AB-5E62-461A-A429-B3B8D5B7E0B4}"
EndProject
Project("{FAE04EC0-301F-11D3-BF4B-00C04F79EFBC}") = "GUI", "Windows Form Project\GUI.csproj", "{2D7C4120-4888-492B-A532-0D5B8EEBD4E2}"
EndProject
Project("{FAE04EC0-301F-11D3-BF4B-00C04F79EFBC}") = "DTO", "DTO\DTO.csproj", "{C8AA3857-A871-4F25-BBA1-9B7BA5462015}"
EndProject
Project("{FAE04EC0-301F-11D3-BF4B-00C04F79EFBC}") = "DAL", "DAL\DAL.csproj", "{D66185A6-C83B-4214-B094-FBC335854089}"
EndProject
Global
	GlobalSection(SolutionConfigurationPlatforms) = preSolution
		Debug|Any CPU = Debug|Any CPU
		Release|Any CPU = Release|Any CPU
	EndGlobalSection
	GlobalSection(ProjectConfigurationPlatforms) = postSolution
		{0A9DD6AB-5E62-461A-A429-B3B8D5B7E0B4}.Debug|Any CPU.ActiveCfg = Debug|Any CPU
		{0A9DD6AB-5E62-461A-A429-B3B8D5B7E0B4}.Debug|Any CPU.Build.0 = Debug|Any CPU
		{0A9DD6AB-5E62-461A-A429-B3B8D5B7E0B4}.Release|Any CPU.ActiveCfg = Release|Any CPU
		{0A9DD6AB-5E62-461A-A429-B3B8D5B7E0B4}.Release|Any CPU.Build.0 = Release|Any CPU
		{2D7C4120-4888-492B-A532-0D5B8EEBD4E2}.Debug|Any CPU.ActiveCfg = Debug|Any CPU
		{2D7C4120-4888-492B-A532-0D5B8EEBD4E2}.Debug|Any CPU.Build.0 = Debug|Any CPU
		{2D7C4120-4888-492B-A532-0D5B8EEBD4E2}.Release|Any CPU.ActiveCfg = Release|Any CPU
		{2D7C4120-4888-492B-A532-0D5B8EEBD4E2}.Release|Any CPU.Build.0 = Release|Any CPU
		{C8AA3857-A871-4F25-BBA1-9B7BA5462015}.Debug|Any CPU.ActiveCfg = Debug|Any CPU
		{C8AA3857-A871-4F25-BBA1-9B7BA5462015}.Debug|Any CPU.Build.0 = Debug|Any CPU
		{C8AA3857-A871-4F25-BBA1-9B7BA5462015}.Release|Any CPU.ActiveCfg = Release|Any CPU
		{C8AA3857-A871-4F25-BBA1-9B7BA5462015}.Release|Any CPU.Build.0 = Release|Any CPU
		{D66185A6-C83B-4214-B094-FBC335854089}.Debug|Any CPU.ActiveCfg = Debug|Any CPU
		{D66185A6-C83B-4214-B094-FBC335854089}.Debug|Any CPU.Build.0 = Debug|Any CPU
		{D66185A6-C83B-4214-B094-FBC335854089}.Release|Any CPU.ActiveCfg = Release|Any CPU
		{D66185A6-C83B-4214-B094-FBC335854089}.Release|Any CPU.Build.0 = Release|Any CPU
	EndGlobalSection
	GlobalSection(SolutionProperties) = preSolution
		HideSolutionNode = FALSE
	EndGlobalSection
	GlobalSection(ExtensibilityGlobals) = postSolution
		SolutionGuid = {EACFBC42-4EBE-4628-B79B-0EB8602A356E}
	EndGlobalSection
EndGlobal
